// !$*UTF8*$!
{
	archiveVersion = 1;
	classes = {
	};
	objectVersion = 50;
	objects = {

/* Begin PBXBuildFile section */
		5F28570626F0FD2400F3D36E /* AppDelegate.swift in Sources */ = {isa = PBXBuildFile; fileRef = 5F28570526F0FD2400F3D36E /* AppDelegate.swift */; };
		5F28570826F0FD2400F3D36E /* SceneDelegate.swift in Sources */ = {isa = PBXBuildFile; fileRef = 5F28570726F0FD2400F3D36E /* SceneDelegate.swift */; };
		5F28570A26F0FD2400F3D36E /* ViewController.swift in Sources */ = {isa = PBXBuildFile; fileRef = 5F28570926F0FD2400F3D36E /* ViewController.swift */; };
		5F28570D26F0FD2400F3D36E /* Main.storyboard in Resources */ = {isa = PBXBuildFile; fileRef = 5F28570B26F0FD2400F3D36E /* Main.storyboard */; };
		5F28570F26F0FD2400F3D36E /* Assets.xcassets in Resources */ = {isa = PBXBuildFile; fileRef = 5F28570E26F0FD2400F3D36E /* Assets.xcassets */; };
		5F28571226F0FD2400F3D36E /* LaunchScreen.storyboard in Resources */ = {isa = PBXBuildFile; fileRef = 5F28571026F0FD2400F3D36E /* LaunchScreen.storyboard */; };
		5F28572026F103E400F3D36E /* TapBarViewController.swift in Sources */ = {isa = PBXBuildFile; fileRef = 5F28571F26F103E400F3D36E /* TapBarViewController.swift */; };
		5F28572226F1044C00F3D36E /* AppleNewsListViewController.swift in Sources */ = {isa = PBXBuildFile; fileRef = 5F28572126F1044C00F3D36E /* AppleNewsListViewController.swift */; };
		5F28572426F1047500F3D36E /* SwiftNewsListViewController.swift in Sources */ = {isa = PBXBuildFile; fileRef = 5F28572326F1047500F3D36E /* SwiftNewsListViewController.swift */; };
		5F28572626F1048E00F3D36E /* AppleNews.swift in Sources */ = {isa = PBXBuildFile; fileRef = 5F28572526F1048E00F3D36E /* AppleNews.swift */; };
		5F28572826F104A800F3D36E /* SwiftNews.swift in Sources */ = {isa = PBXBuildFile; fileRef = 5F28572726F104A800F3D36E /* SwiftNews.swift */; };
		5F28572A26F104B900F3D36E /* DataManager.swift in Sources */ = {isa = PBXBuildFile; fileRef = 5F28572926F104B900F3D36E /* DataManager.swift */; };
/* End PBXBuildFile section */

/* Begin PBXFileReference section */
		5F28570226F0FD2400F3D36E /* LocalNewsAppleApp.app */ = {isa = PBXFileReference; explicitFileType = wrapper.application; includeInIndex = 0; path = LocalNewsAppleApp.app; sourceTree = BUILT_PRODUCTS_DIR; };
		5F28570526F0FD2400F3D36E /* AppDelegate.swift */ = {isa = PBXFileReference; lastKnownFileType = sourcecode.swift; path = AppDelegate.swift; sourceTree = "<group>"; };
		5F28570726F0FD2400F3D36E /* SceneDelegate.swift */ = {isa = PBXFileReference; lastKnownFileType = sourcecode.swift; path = SceneDelegate.swift; sourceTree = "<group>"; };
		5F28570926F0FD2400F3D36E /* ViewController.swift */ = {isa = PBXFileReference; lastKnownFileType = sourcecode.swift; path = ViewController.swift; sourceTree = "<group>"; };
		5F28570C26F0FD2400F3D36E /* Base */ = {isa = PBXFileReference; lastKnownFileType = file.storyboard; name = Base; path = Base.lproj/Main.storyboard; sourceTree = "<group>"; };
		5F28570E26F0FD2400F3D36E /* Assets.xcassets */ = {isa = PBXFileReference; lastKnownFileType = folder.assetcatalog; path = Assets.xcassets; sourceTree = "<group>"; };
		5F28571126F0FD2400F3D36E /* Base */ = {isa = PBXFileReference; lastKnownFileType = file.storyboard; name = Base; path = Base.lproj/LaunchScreen.storyboard; sourceTree = "<group>"; };
		5F28571326F0FD2400F3D36E /* Info.plist */ = {isa = PBXFileReference; lastKnownFileType = text.plist.xml; path = Info.plist; sourceTree = "<group>"; };
		5F28571F26F103E400F3D36E /* TapBarViewController.swift */ = {isa = PBXFileReference; lastKnownFileType = sourcecode.swift; path = TapBarViewController.swift; sourceTree = "<group>"; };
		5F28572126F1044C00F3D36E /* AppleNewsListViewController.swift */ = {isa = PBXFileReference; lastKnownFileType = sourcecode.swift; path = AppleNewsListViewController.swift; sourceTree = "<group>"; };
		5F28572326F1047500F3D36E /* SwiftNewsListViewController.swift */ = {isa = PBXFileReference; lastKnownFileType = sourcecode.swift; path = SwiftNewsListViewController.swift; sourceTree = "<group>"; };
		5F28572526F1048E00F3D36E /* AppleNews.swift */ = {isa = PBXFileReference; lastKnownFileType = sourcecode.swift; path = AppleNews.swift; sourceTree = "<group>"; };
		5F28572726F104A800F3D36E /* SwiftNews.swift */ = {isa = PBXFileReference; lastKnownFileType = sourcecode.swift; path = SwiftNews.swift; sourceTree = "<group>"; };
		5F28572926F104B900F3D36E /* DataManager.swift */ = {isa = PBXFileReference; lastKnownFileType = sourcecode.swift; path = DataManager.swift; sourceTree = "<group>"; };
/* End PBXFileReference section */

/* Begin PBXFrameworksBuildPhase section */
		5F2856FF26F0FD2400F3D36E /* Frameworks */ = {
			isa = PBXFrameworksBuildPhase;
			buildActionMask = 2147483647;
			files = (
			);
			runOnlyForDeploymentPostprocessing = 0;
		};
/* End PBXFrameworksBuildPhase section */

/* Begin PBXGroup section */
		5F2856F926F0FD2400F3D36E = {
			isa = PBXGroup;
			children = (
				5F28570426F0FD2400F3D36E /* LocalNewsAppleApp */,
				5F28570326F0FD2400F3D36E /* Products */,
			);
			sourceTree = "<group>";
		};
		5F28570326F0FD2400F3D36E /* Products */ = {
			isa = PBXGroup;
			children = (
				5F28570226F0FD2400F3D36E /* LocalNewsAppleApp.app */,
			);
			name = Products;
			sourceTree = "<group>";
		};
		5F28570426F0FD2400F3D36E /* LocalNewsAppleApp */ = {
			isa = PBXGroup;
			children = (
				5F28571926F0FF1700F3D36E /* ViewControllers */,
				5F28571D26F0FF8F00F3D36E /* Models */,
				5F28571E26F0FF9B00F3D36E /* Services */,
				5F28571A26F0FF3000F3D36E /* Storyboards */,
				5F28571B26F0FF5D00F3D36E /* App */,
				5F28571C26F0FF7F00F3D36E /* Resources */,
			);
			path = LocalNewsAppleApp;
			sourceTree = "<group>";
		};
		5F28571926F0FF1700F3D36E /* ViewControllers */ = {
			isa = PBXGroup;
			children = (
				5F28570926F0FD2400F3D36E /* ViewController.swift */,
				5F28571F26F103E400F3D36E /* TapBarViewController.swift */,
				5F28572126F1044C00F3D36E /* AppleNewsListViewController.swift */,
				5F28572326F1047500F3D36E /* SwiftNewsListViewController.swift */,
			);
			path = ViewControllers;
			sourceTree = "<group>";
		};
		5F28571A26F0FF3000F3D36E /* Storyboards */ = {
			isa = PBXGroup;
			children = (
				5F28570B26F0FD2400F3D36E /* Main.storyboard */,
				5F28571026F0FD2400F3D36E /* LaunchScreen.storyboard */,
			);
			path = Storyboards;
			sourceTree = "<group>";
		};
		5F28571B26F0FF5D00F3D36E /* App */ = {
			isa = PBXGroup;
			children = (
				5F28570526F0FD2400F3D36E /* AppDelegate.swift */,
				5F28570726F0FD2400F3D36E /* SceneDelegate.swift */,
				5F28571326F0FD2400F3D36E /* Info.plist */,
			);
			path = App;
			sourceTree = "<group>";
		};
		5F28571C26F0FF7F00F3D36E /* Resources */ = {
			isa = PBXGroup;
			children = (
				5F28570E26F0FD2400F3D36E /* Assets.xcassets */,
			);
			path = Resources;
			sourceTree = "<group>";
		};
		5F28571D26F0FF8F00F3D36E /* Models */ = {
			isa = PBXGroup;
			children = (
				5F28572526F1048E00F3D36E /* AppleNews.swift */,
				5F28572726F104A800F3D36E /* SwiftNews.swift */,
			);
			path = Models;
			sourceTree = "<group>";
		};
		5F28571E26F0FF9B00F3D36E /* Services */ = {
			isa = PBXGroup;
			children = (
				5F28572926F104B900F3D36E /* DataManager.swift */,
			);
			path = Services;
			sourceTree = "<group>";
		};
/* End PBXGroup section */

/* Begin PBXNativeTarget section */
		5F28570126F0FD2400F3D36E /* LocalNewsAppleApp */ = {
			isa = PBXNativeTarget;
			buildConfigurationList = 5F28571626F0FD2400F3D36E /* Build configuration list for PBXNativeTarget "LocalNewsAppleApp" */;
			buildPhases = (
				5F2856FE26F0FD2400F3D36E /* Sources */,
				5F2856FF26F0FD2400F3D36E /* Frameworks */,
				5F28570026F0FD2400F3D36E /* Resources */,
			);
			buildRules = (
			);
			dependencies = (
			);
			name = LocalNewsAppleApp;
			productName = LocalNewsAppleApp;
			productReference = 5F28570226F0FD2400F3D36E /* LocalNewsAppleApp.app */;
			productType = "com.apple.product-type.application";
		};
/* End PBXNativeTarget section */

/* Begin PBXProject section */
		5F2856FA26F0FD2400F3D36E /* Project object */ = {
			isa = PBXProject;
			attributes = {
				LastSwiftUpdateCheck = 1250;
				LastUpgradeCheck = 1250;
				TargetAttributes = {
					5F28570126F0FD2400F3D36E = {
						CreatedOnToolsVersion = 12.5.1;
					};
				};
			};
			buildConfigurationList = 5F2856FD26F0FD2400F3D36E /* Build configuration list for PBXProject "LocalNewsAppleApp" */;
			compatibilityVersion = "Xcode 9.3";
			developmentRegion = en;
			hasScannedForEncodings = 0;
			knownRegions = (
				en,
				Base,
			);
			mainGroup = 5F2856F926F0FD2400F3D36E;
			productRefGroup = 5F28570326F0FD2400F3D36E /* Products */;
			projectDirPath = "";
			projectRoot = "";
			targets = (
				5F28570126F0FD2400F3D36E /* LocalNewsAppleApp */,
			);
		};
/* End PBXProject section */

/* Begin PBXResourcesBuildPhase section */
		5F28570026F0FD2400F3D36E /* Resources */ = {
			isa = PBXResourcesBuildPhase;
			buildActionMask = 2147483647;
			files = (
				5F28571226F0FD2400F3D36E /* LaunchScreen.storyboard in Resources */,
				5F28570F26F0FD2400F3D36E /* Assets.xcassets in Resources */,
				5F28570D26F0FD2400F3D36E /* Main.storyboard in Resources */,
			);
			runOnlyForDeploymentPostprocessing = 0;
		};
/* End PBXResourcesBuildPhase section */

/* Begin PBXSourcesBuildPhase section */
		5F2856FE26F0FD2400F3D36E /* Sources */ = {
			isa = PBXSourcesBuildPhase;
			buildActionMask = 2147483647;
			files = (
				5F28570A26F0FD2400F3D36E /* ViewController.swift in Sources */,
				5F28572426F1047500F3D36E /* SwiftNewsListViewController.swift in Sources */,
				5F28572626F1048E00F3D36E /* AppleNews.swift in Sources */,
				5F28570626F0FD2400F3D36E /* AppDelegate.swift in Sources */,
				5F28572826F104A800F3D36E /* SwiftNews.swift in Sources */,
				5F28572026F103E400F3D36E /* TapBarViewController.swift in Sources */,
				5F28572226F1044C00F3D36E /* AppleNewsListViewController.swift in Sources */,
				5F28572A26F104B900F3D36E /* DataManager.swift in Sources */,
				5F28570826F0FD2400F3D36E /* SceneDelegate.swift in Sources */,
			);
			runOnlyForDeploymentPostprocessing = 0;
		};
/* End PBXSourcesBuildPhase section */

/* Begin PBXVariantGroup section */
		5F28570B26F0FD2400F3D36E /* Main.storyboard */ = {
			isa = PBXVariantGroup;
			children = (
				5F28570C26F0FD2400F3D36E /* Base */,
			);
			name = Main.storyboard;
			sourceTree = "<group>";
		};
		5F28571026F0FD2400F3D36E /* LaunchScreen.storyboard */ = {
			isa = PBXVariantGroup;
			children = (
				5F28571126F0FD2400F3D36E /* Base */,
			);
			name = LaunchScreen.storyboard;
			sourceTree = "<group>";
		};
/* End PBXVariantGroup section */

/* Begin XCBuildConfiguration section */
		5F28571426F0FD2400F3D36E /* Debug */ = {
			isa = XCBuildConfiguration;
			buildSettings = {
				ALWAYS_SEARCH_USER_PATHS = NO;
				CLANG_ANALYZER_NONNULL = YES;
				CLANG_ANALYZER_NUMBER_OBJECT_CONVERSION = YES_AGGRESSIVE;
				CLANG_CXX_LANGUAGE_STANDARD = "gnu++14";
				CLANG_CXX_LIBRARY = "libc++";
				CLANG_ENABLE_MODULES = YES;
				CLANG_ENABLE_OBJC_ARC = YES;
				CLANG_ENABLE_OBJC_WEAK = YES;
				CLANG_WARN_BLOCK_CAPTURE_AUTORELEASING = YES;
				CLANG_WARN_BOOL_CONVERSION = YES;
				CLANG_WARN_COMMA = YES;
				CLANG_WARN_CONSTANT_CONVERSION = YES;
				CLANG_WARN_DEPRECATED_OBJC_IMPLEMENTATIONS = YES;
				CLANG_WARN_DIRECT_OBJC_ISA_USAGE = YES_ERROR;
				CLANG_WARN_DOCUMENTATION_COMMENTS = YES;
				CLANG_WARN_EMPTY_BODY = YES;
				CLANG_WARN_ENUM_CONVERSION = YES;
				CLANG_WARN_INFINITE_RECURSION = YES;
				CLANG_WARN_INT_CONVERSION = YES;
				CLANG_WARN_NON_LITERAL_NULL_CONVERSION = YES;
				CLANG_WARN_OBJC_IMPLICIT_RETAIN_SELF = YES;
				CLANG_WARN_OBJC_LITERAL_CONVERSION = YES;
				CLANG_WARN_OBJC_ROOT_CLASS = YES_ERROR;
				CLANG_WARN_QUOTED_INCLUDE_IN_FRAMEWORK_HEADER = YES;
				CLANG_WARN_RANGE_LOOP_ANALYSIS = YES;
				CLANG_WARN_STRICT_PROTOTYPES = YES;
				CLANG_WARN_SUSPICIOUS_MOVE = YES;
				CLANG_WARN_UNGUARDED_AVAILABILITY = YES_AGGRESSIVE;
				CLANG_WARN_UNREACHABLE_CODE = YES;
				CLANG_WARN__DUPLICATE_METHOD_MATCH = YES;
				COPY_PHASE_STRIP = NO;
				DEBUG_INFORMATION_FORMAT = dwarf;
				ENABLE_STRICT_OBJC_MSGSEND = YES;
				ENABLE_TESTABILITY = YES;
				GCC_C_LANGUAGE_STANDARD = gnu11;
				GCC_DYNAMIC_NO_PIC = NO;
				GCC_NO_COMMON_BLOCKS = YES;
				GCC_OPTIMIZATION_LEVEL = 0;
				GCC_PREPROCESSOR_DEFINITIONS = (
					"DEBUG=1",
					"$(inherited)",
				);
				GCC_WARN_64_TO_32_BIT_CONVERSION = YES;
				GCC_WARN_ABOUT_RETURN_TYPE = YES_ERROR;
				GCC_WARN_UNDECLARED_SELECTOR = YES;
				GCC_WARN_UNINITIALIZED_AUTOS = YES_AGGRESSIVE;
				GCC_WARN_UNUSED_FUNCTION = YES;
				GCC_WARN_UNUSED_VARIABLE = YES;
				IPHONEOS_DEPLOYMENT_TARGET = 14.5;
				MTL_ENABLE_DEBUG_INFO = INCLUDE_SOURCE;
				MTL_FAST_MATH = YES;
				ONLY_ACTIVE_ARCH = YES;
				SDKROOT = iphoneos;
				SWIFT_ACTIVE_COMPILATION_CONDITIONS = DEBUG;
				SWIFT_OPTIMIZATION_LEVEL = "-Onone";
			};
			name = Debug;
		};
		5F28571526F0FD2400F3D36E /* Release */ = {
			isa = XCBuildConfiguration;
			buildSettings = {
				ALWAYS_SEARCH_USER_PATHS = NO;
				CLANG_ANALYZER_NONNULL = YES;
				CLANG_ANALYZER_NUMBER_OBJECT_CONVERSION = YES_AGGRESSIVE;
				CLANG_CXX_LANGUAGE_STANDARD = "gnu++14";
				CLANG_CXX_LIBRARY = "libc++";
				CLANG_ENABLE_MODULES = YES;
				CLANG_ENABLE_OBJC_ARC = YES;
				CLANG_ENABLE_OBJC_WEAK = YES;
				CLANG_WARN_BLOCK_CAPTURE_AUTORELEASING = YES;
				CLANG_WARN_BOOL_CONVERSION = YES;
				CLANG_WARN_COMMA = YES;
				CLANG_WARN_CONSTANT_CONVERSION = YES;
				CLANG_WARN_DEPRECATED_OBJC_IMPLEMENTATIONS = YES;
				CLANG_WARN_DIRECT_OBJC_ISA_USAGE = YES_ERROR;
				CLANG_WARN_DOCUMENTATION_COMMENTS = YES;
				CLANG_WARN_EMPTY_BODY = YES;
				CLANG_WARN_ENUM_CONVERSION = YES;
				CLANG_WARN_INFINITE_RECURSION = YES;
				CLANG_WARN_INT_CONVERSION = YES;
				CLANG_WARN_NON_LITERAL_NULL_CONVERSION = YES;
				CLANG_WARN_OBJC_IMPLICIT_RETAIN_SELF = YES;
				CLANG_WARN_OBJC_LITERAL_CONVERSION = YES;
				CLANG_WARN_OBJC_ROOT_CLASS = YES_ERROR;
				CLANG_WARN_QUOTED_INCLUDE_IN_FRAMEWORK_HEADER = YES;
				CLANG_WARN_RANGE_LOOP_ANALYSIS = YES;
				CLANG_WARN_STRICT_PROTOTYPES = YES;
				CLANG_WARN_SUSPICIOUS_MOVE = YES;
				CLANG_WARN_UNGUARDED_AVAILABILITY = YES_AGGRESSIVE;
				CLANG_WARN_UNREACHABLE_CODE = YES;
				CLANG_WARN__DUPLICATE_METHOD_MATCH = YES;
				COPY_PHASE_STRIP = NO;
				DEBUG_INFORMATION_FORMAT = "dwarf-with-dsym";
				ENABLE_NS_ASSERTIONS = NO;
				ENABLE_STRICT_OBJC_MSGSEND = YES;
				GCC_C_LANGUAGE_STANDARD = gnu11;
				GCC_NO_COMMON_BLOCKS = YES;
				GCC_WARN_64_TO_32_BIT_CONVERSION = YES;
				GCC_WARN_ABOUT_RETURN_TYPE = YES_ERROR;
				GCC_WARN_UNDECLARED_SELECTOR = YES;
				GCC_WARN_UNINITIALIZED_AUTOS = YES_AGGRESSIVE;
				GCC_WARN_UNUSED_FUNCTION = YES;
				GCC_WARN_UNUSED_VARIABLE = YES;
				IPHONEOS_DEPLOYMENT_TARGET = 14.5;
				MTL_ENABLE_DEBUG_INFO = NO;
				MTL_FAST_MATH = YES;
				SDKROOT = iphoneos;
				SWIFT_COMPILATION_MODE = wholemodule;
				SWIFT_OPTIMIZATION_LEVEL = "-O";
				VALIDATE_PRODUCT = YES;
			};
			name = Release;
		};
		5F28571726F0FD2400F3D36E /* Debug */ = {
			isa = XCBuildConfiguration;
			buildSettings = {
				ASSETCATALOG_COMPILER_APPICON_NAME = AppIcon;
				ASSETCATALOG_COMPILER_GLOBAL_ACCENT_COLOR_NAME = AccentColor;
				CODE_SIGN_STYLE = Automatic;
				DEVELOPMENT_TEAM = SLQ3BB6947;
				INFOPLIST_FILE = LocalNewsAppleApp/App/Info.plist;
				LD_RUNPATH_SEARCH_PATHS = (
					"$(inherited)",
					"@executable_path/Frameworks",
				);
				PRODUCT_BUNDLE_IDENTIFIER = com.dmitry.LocalNewsAppleApp;
				PRODUCT_NAME = "$(TARGET_NAME)";
				SWIFT_VERSION = 5.0;
				TARGETED_DEVICE_FAMILY = 1;
			};
			name = Debug;
		};
		5F28571826F0FD2400F3D36E /* Release */ = {
			isa = XCBuildConfiguration;
			buildSettings = {
				ASSETCATALOG_COMPILER_APPICON_NAME = AppIcon;
				ASSETCATALOG_COMPILER_GLOBAL_ACCENT_COLOR_NAME = AccentColor;
				CODE_SIGN_STYLE = Automatic;
				DEVELOPMENT_TEAM = SLQ3BB6947;
				INFOPLIST_FILE = LocalNewsAppleApp/App/Info.plist;
				LD_RUNPATH_SEARCH_PATHS = (
					"$(inherited)",
					"@executable_path/Frameworks",
				);
				PRODUCT_BUNDLE_IDENTIFIER = com.dmitry.LocalNewsAppleApp;
				PRODUCT_NAME = "$(TARGET_NAME)";
				SWIFT_VERSION = 5.0;
				TARGETED_DEVICE_FAMILY = 1;
			};
			name = Release;
		};
/* End XCBuildConfiguration section */

/* Begin XCConfigurationList section */
		5F2856FD26F0FD2400F3D36E /* Build configuration list for PBXProject "LocalNewsAppleApp" */ = {
			isa = XCConfigurationList;
			buildConfigurations = (
				5F28571426F0FD2400F3D36E /* Debug */,
				5F28571526F0FD2400F3D36E /* Release */,
			);
			defaultConfigurationIsVisible = 0;
			defaultConfigurationName = Release;
		};
		5F28571626F0FD2400F3D36E /* Build configuration list for PBXNativeTarget "LocalNewsAppleApp" */ = {
			isa = XCConfigurationList;
			buildConfigurations = (
				5F28571726F0FD2400F3D36E /* Debug */,
				5F28571826F0FD2400F3D36E /* Release */,
			);
			defaultConfigurationIsVisible = 0;
			defaultConfigurationName = Release;
		};
/* End XCConfigurationList section */
	};
	rootObject = 5F2856FA26F0FD2400F3D36E /* Project object */;
}
